// !$*UTF8*$!
{
	archiveVersion = 1;
	classes = {
	};
	objectVersion = 46;
	objects = {

/* Begin PBXBuildFile section */
		6276A0571CD30194000D64DA /* ImageScrollView.swift in Sources */ = {isa = PBXBuildFile; fileRef = 6276A0561CD30194000D64DA /* ImageScrollView.swift */; };
		62FCBC3A1CB5266700F7FE7B /* AppDelegate.swift in Sources */ = {isa = PBXBuildFile; fileRef = 62FCBC391CB5266700F7FE7B /* AppDelegate.swift */; };
		62FCBC3C1CB5266700F7FE7B /* ViewController.swift in Sources */ = {isa = PBXBuildFile; fileRef = 62FCBC3B1CB5266700F7FE7B /* ViewController.swift */; };
		62FCBC411CB5266700F7FE7B /* Main.storyboard in Resources */ = {isa = PBXBuildFile; fileRef = 62FCBC3F1CB5266700F7FE7B /* Main.storyboard */; };
/* End PBXBuildFile section */

/* Begin PBXFileReference section */
		6276A0561CD30194000D64DA /* ImageScrollView.swift */ = {isa = PBXFileReference; fileEncoding = 4; lastKnownFileType = sourcecode.swift; path = ImageScrollView.swift; sourceTree = "<group>"; };
		62BF38671CBB6A9200CDFD01 /* Bluetooth_mac-Bridging-Header.h */ = {isa = PBXFileReference; lastKnownFileType = sourcecode.c.h; path = "Bluetooth_mac-Bridging-Header.h"; sourceTree = "<group>"; };
		62FCBC361CB5266700F7FE7B /* BlueTooth_mac.app */ = {isa = PBXFileReference; explicitFileType = wrapper.application; includeInIndex = 0; path = BlueTooth_mac.app; sourceTree = BUILT_PRODUCTS_DIR; };
		62FCBC391CB5266700F7FE7B /* AppDelegate.swift */ = {isa = PBXFileReference; lastKnownFileType = sourcecode.swift; path = AppDelegate.swift; sourceTree = "<group>"; };
		62FCBC3B1CB5266700F7FE7B /* ViewController.swift */ = {isa = PBXFileReference; lastKnownFileType = sourcecode.swift; path = ViewController.swift; sourceTree = "<group>"; };
		62FCBC401CB5266700F7FE7B /* Base */ = {isa = PBXFileReference; lastKnownFileType = file.storyboard; name = Base; path = Base.lproj/Main.storyboard; sourceTree = "<group>"; };
		62FCBC421CB5266700F7FE7B /* Info.plist */ = {isa = PBXFileReference; lastKnownFileType = text.plist.xml; path = Info.plist; sourceTree = "<group>"; };
/* End PBXFileReference section */

/* Begin PBXFrameworksBuildPhase section */
		62FCBC331CB5266700F7FE7B /* Frameworks */ = {
			isa = PBXFrameworksBuildPhase;
			buildActionMask = 2147483647;
			files = (
			);
			runOnlyForDeploymentPostprocessing = 0;
		};
/* End PBXFrameworksBuildPhase section */

/* Begin PBXGroup section */
		6276A0A11CD3574D000D64DA /* Classes */ = {
			isa = PBXGroup;
			children = (
				62BF38671CBB6A9200CDFD01 /* Bluetooth_mac-Bridging-Header.h */,
				6276A0561CD30194000D64DA /* ImageScrollView.swift */,
				62FCBC391CB5266700F7FE7B /* AppDelegate.swift */,
				62FCBC3B1CB5266700F7FE7B /* ViewController.swift */,
			);
			name = Classes;
			sourceTree = "<group>";
		};
		6276A0A21CD3575B000D64DA /* Resource */ = {
			isa = PBXGroup;
			children = (
				62FCBC3F1CB5266700F7FE7B /* Main.storyboard */,
				62FCBC421CB5266700F7FE7B /* Info.plist */,
			);
			name = Resource;
			sourceTree = "<group>";
		};
		62FCBC2D1CB5266700F7FE7B = {
			isa = PBXGroup;
			children = (
				62FCBC381CB5266700F7FE7B /* BlueTooth_mac */,
				62FCBC371CB5266700F7FE7B /* Products */,
			);
			sourceTree = "<group>";
		};
		62FCBC371CB5266700F7FE7B /* Products */ = {
			isa = PBXGroup;
			children = (
				62FCBC361CB5266700F7FE7B /* BlueTooth_mac.app */,
			);
			name = Products;
			sourceTree = "<group>";
		};
		62FCBC381CB5266700F7FE7B /* BlueTooth_mac */ = {
			isa = PBXGroup;
			children = (
				6276A0A11CD3574D000D64DA /* Classes */,
				6276A0A21CD3575B000D64DA /* Resource */,
			);
			path = BlueTooth_mac;
			sourceTree = "<group>";
		};
/* End PBXGroup section */

/* Begin PBXNativeTarget section */
		62FCBC351CB5266700F7FE7B /* BlueTooth_mac */ = {
			isa = PBXNativeTarget;
			buildConfigurationList = 62FCBC5B1CB5266700F7FE7B /* Build configuration list for PBXNativeTarget "BlueTooth_mac" */;
			buildPhases = (
				62FCBC321CB5266700F7FE7B /* Sources */,
				62FCBC331CB5266700F7FE7B /* Frameworks */,
				62FCBC341CB5266700F7FE7B /* Resources */,
			);
			buildRules = (
			);
			dependencies = (
			);
			name = BlueTooth_mac;
			productName = BlueTooth_mac;
			productReference = 62FCBC361CB5266700F7FE7B /* BlueTooth_mac.app */;
			productType = "com.apple.product-type.application";
		};
/* End PBXNativeTarget section */

/* Begin PBXProject section */
		62FCBC2E1CB5266700F7FE7B /* Project object */ = {
			isa = PBXProject;
			attributes = {
				LastSwiftUpdateCheck = 0730;
				LastUpgradeCheck = 0730;
				ORGANIZATIONNAME = sewake;
				TargetAttributes = {
					62FCBC351CB5266700F7FE7B = {
						CreatedOnToolsVersion = 7.3;
					};
				};
			};
			buildConfigurationList = 62FCBC311CB5266700F7FE7B /* Build configuration list for PBXProject "BlueTooth_mac" */;
			compatibilityVersion = "Xcode 3.2";
			developmentRegion = English;
			hasScannedForEncodings = 0;
			knownRegions = (
				en,
				Base,
			);
			mainGroup = 62FCBC2D1CB5266700F7FE7B;
			productRefGroup = 62FCBC371CB5266700F7FE7B /* Products */;
			projectDirPath = "";
			projectRoot = "";
			targets = (
				62FCBC351CB5266700F7FE7B /* BlueTooth_mac */,
			);
		};
/* End PBXProject section */

/* Begin PBXResourcesBuildPhase section */
		62FCBC341CB5266700F7FE7B /* Resources */ = {
			isa = PBXResourcesBuildPhase;
			buildActionMask = 2147483647;
			files = (
				62FCBC411CB5266700F7FE7B /* Main.storyboard in Resources */,
			);
			runOnlyForDeploymentPostprocessing = 0;
		};
/* End PBXResourcesBuildPhase section */

/* Begin PBXSourcesBuildPhase section */
		62FCBC321CB5266700F7FE7B /* Sources */ = {
			isa = PBXSourcesBuildPhase;
			buildActionMask = 2147483647;
			files = (
				62FCBC3C1CB5266700F7FE7B /* ViewController.swift in Sources */,
				6276A0571CD30194000D64DA /* ImageScrollView.swift in Sources */,
				62FCBC3A1CB5266700F7FE7B /* AppDelegate.swift in Sources */,
			);
			runOnlyForDeploymentPostprocessing = 0;
		};
/* End PBXSourcesBuildPhase section */

/* Begin PBXVariantGroup section */
		62FCBC3F1CB5266700F7FE7B /* Main.storyboard */ = {
			isa = PBXVariantGroup;
			children = (
				62FCBC401CB5266700F7FE7B /* Base */,
			);
			name = Main.storyboard;
			sourceTree = "<group>";
		};
/* End PBXVariantGroup section */

/* Begin XCBuildConfiguration section */
		62FCBC591CB5266700F7FE7B /* Debug */ = {
			isa = XCBuildConfiguration;
			buildSettings = {
				ALWAYS_SEARCH_USER_PATHS = NO;
				CLANG_ANALYZER_NONNULL = YES;
				CLANG_CXX_LANGUAGE_STANDARD = "gnu++0x";
				CLANG_CXX_LIBRARY = "libc++";
				CLANG_ENABLE_MODULES = YES;
				CLANG_ENABLE_OBJC_ARC = YES;
				CLANG_WARN_BOOL_CONVERSION = YES;
				CLANG_WARN_CONSTANT_CONVERSION = YES;
				CLANG_WARN_DIRECT_OBJC_ISA_USAGE = YES_ERROR;
				CLANG_WARN_EMPTY_BODY = YES;
				CLANG_WARN_ENUM_CONVERSION = YES;
				CLANG_WARN_INT_CONVERSION = YES;
				CLANG_WARN_OBJC_ROOT_CLASS = YES_ERROR;
				CLANG_WARN_UNREACHABLE_CODE = YES;
				CLANG_WARN__DUPLICATE_METHOD_MATCH = YES;
				CODE_SIGN_IDENTITY = "-";
				COPY_PHASE_STRIP = NO;
				DEBUG_INFORMATION_FORMAT = dwarf;
				ENABLE_STRICT_OBJC_MSGSEND = YES;
				ENABLE_TESTABILITY = YES;
				GCC_C_LANGUAGE_STANDARD = gnu99;
				GCC_DYNAMIC_NO_PIC = NO;
				GCC_NO_COMMON_BLOCKS = YES;
				GCC_OPTIMIZATION_LEVEL = 0;
				GCC_PREPROCESSOR_DEFINITIONS = (
					"DEBUG=1",
					"$(inherited)",
				);
				GCC_WARN_64_TO_32_BIT_CONVERSION = YES;
				GCC_WARN_ABOUT_RETURN_TYPE = YES_ERROR;
				GCC_WARN_UNDECLARED_SELECTOR = YES;
				GCC_WARN_UNINITIALIZED_AUTOS = YES_AGGRESSIVE;
				GCC_WARN_UNUSED_FUNCTION = YES;
				GCC_WARN_UNUSED_VARIABLE = YES;
				MACOSX_DEPLOYMENT_TARGET = 10.11;
				MTL_ENABLE_DEBUG_INFO = YES;
				ONLY_ACTIVE_ARCH = YES;
				SDKROOT = macosx;
				SWIFT_OBJC_BRIDGING_HEADER = "Bluetooth_mac/Bluetooth_mac-Bridging-Header.h";
				SWIFT_OPTIMIZATION_LEVEL = "-Onone";
			};
			name = Debug;
		};
		62FCBC5A1CB5266700F7FE7B /* Release */ = {
			isa = XCBuildConfiguration;
			buildSettings = {
				ALWAYS_SEARCH_USER_PATHS = NO;
				CLANG_ANALYZER_NONNULL = YES;
				CLANG_CXX_LANGUAGE_STANDARD = "gnu++0x";
				CLANG_CXX_LIBRARY = "libc++";
				CLANG_ENABLE_MODULES = YES;
				CLANG_ENABLE_OBJC_ARC = YES;
				CLANG_WARN_BOOL_CONVERSION = YES;
				CLANG_WARN_CONSTANT_CONVERSION = YES;
				CLANG_WARN_DIRECT_OBJC_ISA_USAGE = YES_ERROR;
				CLANG_WARN_EMPTY_BODY = YES;
				CLANG_WARN_ENUM_CONVERSION = YES;
				CLANG_WARN_INT_CONVERSION = YES;
				CLANG_WARN_OBJC_ROOT_CLASS = YES_ERROR;
				CLANG_WARN_UNREACHABLE_CODE = YES;
				CLANG_WARN__DUPLICATE_METHOD_MATCH = YES;
				CODE_SIGN_IDENTITY = "-";
				COPY_PHASE_STRIP = NO;
				DEBUG_INFORMATION_FORMAT = "dwarf-with-dsym";
				ENABLE_NS_ASSERTIONS = NO;
				ENABLE_STRICT_OBJC_MSGSEND = YES;
				GCC_C_LANGUAGE_STANDARD = gnu99;
				GCC_NO_COMMON_BLOCKS = YES;
				GCC_WARN_64_TO_32_BIT_CONVERSION = YES;
				GCC_WARN_ABOUT_RETURN_TYPE = YES_ERROR;
				GCC_WARN_UNDECLARED_SELECTOR = YES;
				GCC_WARN_UNINITIALIZED_AUTOS = YES_AGGRESSIVE;
				GCC_WARN_UNUSED_FUNCTION = YES;
				GCC_WARN_UNUSED_VARIABLE = YES;
				MACOSX_DEPLOYMENT_TARGET = 10.11;
				MTL_ENABLE_DEBUG_INFO = NO;
				SDKROOT = macosx;
				SWIFT_OBJC_BRIDGING_HEADER = "Bluetooth_mac/Bluetooth_mac-Bridging-Header.h";
			};
			name = Release;
		};
		62FCBC5C1CB5266700F7FE7B /* Debug */ = {
			isa = XCBuildConfiguration;
			buildSettings = {
				COMBINE_HIDPI_IMAGES = YES;
				INFOPLIST_FILE = BlueTooth_mac/Info.plist;
				LD_RUNPATH_SEARCH_PATHS = "$(inherited) @executable_path/../Frameworks";
				PRODUCT_BUNDLE_IDENTIFIER = "BlueTooth-mac";
				PRODUCT_NAME = "$(TARGET_NAME)";
				SWIFT_OBJC_BRIDGING_HEADER = "Bluetooth_mac/Bluetooth_mac-Bridging-Header.h";
			};
			name = Debug;
		};
		62FCBC5D1CB5266700F7FE7B /* Release */ = {
			isa = XCBuildConfiguration;
			buildSettings = {
				COMBINE_HIDPI_IMAGES = YES;
				INFOPLIST_FILE = BlueTooth_mac/Info.plist;
				LD_RUNPATH_SEARCH_PATHS = "$(inherited) @executable_path/../Frameworks";
				PRODUCT_BUNDLE_IDENTIFIER = "BlueTooth-mac";
				PRODUCT_NAME = "$(TARGET_NAME)";
				SWIFT_OBJC_BRIDGING_HEADER = "Bluetooth_mac/Bluetooth_mac-Bridging-Header.h";
			};
			name = Release;
		};
/* End XCBuildConfiguration section */

/* Begin XCConfigurationList section */
		62FCBC311CB5266700F7FE7B /* Build configuration list for PBXProject "BlueTooth_mac" */ = {
			isa = XCConfigurationList;
			buildConfigurations = (
				62FCBC591CB5266700F7FE7B /* Debug */,
				62FCBC5A1CB5266700F7FE7B /* Release */,
			);
			defaultConfigurationIsVisible = 0;
			defaultConfigurationName = Release;
		};
		62FCBC5B1CB5266700F7FE7B /* Build configuration list for PBXNativeTarget "BlueTooth_mac" */ = {
			isa = XCConfigurationList;
			buildConfigurations = (
				62FCBC5C1CB5266700F7FE7B /* Debug */,
				62FCBC5D1CB5266700F7FE7B /* Release */,
			);
			defaultConfigurationIsVisible = 0;
			defaultConfigurationName = Release;
		};
/* End XCConfigurationList section */
	};
	rootObject = 62FCBC2E1CB5266700F7FE7B /* Project object */;
}
